
Microsoft Visual Studio Solution File, Format Version 12.00
# Visual Studio Version 16
VisualStudioVersion = 16.0.30225.117
MinimumVisualStudioVersion = 10.0.40219.1
Project("{FAE04EC0-301F-11D3-BF4B-00C04F79EFBC}") = "Pongv2", "Pongv2\Pongv2.csproj", "{D2D1BA54-E683-4361-82A8-E13E7DAABB50}"
EndProject
Global
	GlobalSection(SolutionConfigurationPlatforms) = preSolution
		Debug|Any CPU = Debug|Any CPU
		Release|Any CPU = Release|Any CPU
	EndGlobalSection
	GlobalSection(ProjectConfigurationPlatforms) = postSolution
		{D2D1BA54-E683-4361-82A8-E13E7DAABB50}.Debug|Any CPU.ActiveCfg = Debug|Any CPU
		{D2D1BA54-E683-4361-82A8-E13E7DAABB50}.Debug|Any CPU.Build.0 = Debug|Any CPU
		{D2D1BA54-E683-4361-82A8-E13E7DAABB50}.Release|Any CPU.ActiveCfg = Release|Any CPU
		{D2D1BA54-E683-4361-82A8-E13E7DAABB50}.Release|Any CPU.Build.0 = Release|Any CPU
	EndGlobalSection
	GlobalSection(SolutionProperties) = preSolution
		HideSolutionNode = FALSE
	EndGlobalSection
	GlobalSection(ExtensibilityGlobals) = postSolution
		SolutionGuid = {EF6AC4F4-BE59-4D76-A753-A7D59F6020E8}
	EndGlobalSection
EndGlobal
